
Microsoft Visual Studio Solution File, Format Version 12.00
# Visual Studio Version 17
VisualStudioVersion = 17.0.31903.59
MinimumVisualStudioVersion = 10.0.40219.1
Project("{2150E333-8FDC-42A3-9474-1A3956D46DE8}") = "src", "src", "{460DE54F-28BB-4B2C-A6EC-C0ECDD90ECA2}"
EndProject
Project("{FAE04EC0-301F-11D3-BF4B-00C04F79EFBC}") = "MangaUpdates", "src\MangaUpdates\MangaUpdates.csproj", "{8230C2E4-9536-4835-AFF0-A6E456B39CD9}"
EndProject
Project("{FAE04EC0-301F-11D3-BF4B-00C04F79EFBC}") = "MangaUpdates.Test", "tst\MangaUpdates.Test\MangaUpdates.Test.csproj", "{19F1DEBC-DE5E-4517-8062-F000CD499087}"
EndProject
Project("{2150E333-8FDC-42A3-9474-1A3956D46DE8}") = ".github", ".github", "{7A096C5F-82BB-4499-806F-FF636A1F7378}"
EndProject
Project("{2150E333-8FDC-42A3-9474-1A3956D46DE8}") = "workflows", "workflows", "{101A45C5-0BFC-4588-B01A-4B92861806C0}"
	ProjectSection(SolutionItems) = preProject
		.github\workflows\release.yml = .github\workflows\release.yml
	EndProjectSection
EndProject
Project("{2150E333-8FDC-42A3-9474-1A3956D46DE8}") = ".solution-items", ".solution-items", "{02EA681E-C7D8-13C7-8484-4AC65E1B71E8}"
	ProjectSection(SolutionItems) = preProject
		.gitignore = .gitignore
		CLAUDE.md = CLAUDE.md
		LICENSE = LICENSE
		README.md = README.md
	EndProjectSection
EndProject
Project("{2150E333-8FDC-42A3-9474-1A3956D46DE8}") = "tst", "tst", "{51B05FA5-C369-42F7-89D6-908F75B842EF}"
EndProject
Project("{2150E333-8FDC-42A3-9474-1A3956D46DE8}") = "api", "api", "{14E792CD-FBC5-42BC-B69E-0EE469917F60}"
	ProjectSection(SolutionItems) = preProject
		api\openapi.yaml = api\openapi.yaml
	EndProjectSection
EndProject
Global
	GlobalSection(SolutionConfigurationPlatforms) = preSolution
		Debug|Any CPU = Debug|Any CPU
		Release|Any CPU = Release|Any CPU
	EndGlobalSection
	GlobalSection(ProjectConfigurationPlatforms) = postSolution
		{8230C2E4-9536-4835-AFF0-A6E456B39CD9}.Debug|Any CPU.ActiveCfg = Debug|Any CPU
		{8230C2E4-9536-4835-AFF0-A6E456B39CD9}.Debug|Any CPU.Build.0 = Debug|Any CPU
		{8230C2E4-9536-4835-AFF0-A6E456B39CD9}.Release|Any CPU.ActiveCfg = Release|Any CPU
		{8230C2E4-9536-4835-AFF0-A6E456B39CD9}.Release|Any CPU.Build.0 = Release|Any CPU
		{19F1DEBC-DE5E-4517-8062-F000CD499087}.Debug|Any CPU.ActiveCfg = Debug|Any CPU
		{19F1DEBC-DE5E-4517-8062-F000CD499087}.Debug|Any CPU.Build.0 = Debug|Any CPU
		{19F1DEBC-DE5E-4517-8062-F000CD499087}.Release|Any CPU.ActiveCfg = Release|Any CPU
		{19F1DEBC-DE5E-4517-8062-F000CD499087}.Release|Any CPU.Build.0 = Release|Any CPU
	EndGlobalSection
	GlobalSection(SolutionProperties) = preSolution
		HideSolutionNode = FALSE
	EndGlobalSection
	GlobalSection(NestedProjects) = preSolution
		{8230C2E4-9536-4835-AFF0-A6E456B39CD9} = {460DE54F-28BB-4B2C-A6EC-C0ECDD90ECA2}
		{19F1DEBC-DE5E-4517-8062-F000CD499087} = {51B05FA5-C369-42F7-89D6-908F75B842EF}
		{101A45C5-0BFC-4588-B01A-4B92861806C0} = {7A096C5F-82BB-4499-806F-FF636A1F7378}
	EndGlobalSection
	GlobalSection(ExtensibilityGlobals) = postSolution
		SolutionGuid = {866F1E96-4F6B-44F5-8015-7B632CF35A97}
	EndGlobalSection
EndGlobal
